
Microsoft Visual Studio Solution File, Format Version 12.00
# Visual Studio Version 17
VisualStudioVersion = 17.1.32228.430
MinimumVisualStudioVersion = 10.0.40219.1
Project("{FAE04EC0-301F-11D3-BF4B-00C04F79EFBC}") = "AES_All", "AES_All\AES_All.csproj", "{24CEA76B-0D5A-44BD-8C19-F1F8B1692C44}"
EndProject
Global
	GlobalSection(SolutionConfigurationPlatforms) = preSolution
		Debug|Any CPU = Debug|Any CPU
		Release|Any CPU = Release|Any CPU
	EndGlobalSection
	GlobalSection(ProjectConfigurationPlatforms) = postSolution
		{24CEA76B-0D5A-44BD-8C19-F1F8B1692C44}.Debug|Any CPU.ActiveCfg = Debug|Any CPU
		{24CEA76B-0D5A-44BD-8C19-F1F8B1692C44}.Debug|Any CPU.Build.0 = Debug|Any CPU
		{24CEA76B-0D5A-44BD-8C19-F1F8B1692C44}.Release|Any CPU.ActiveCfg = Release|Any CPU
		{24CEA76B-0D5A-44BD-8C19-F1F8B1692C44}.Release|Any CPU.Build.0 = Release|Any CPU
	EndGlobalSection
	GlobalSection(SolutionProperties) = preSolution
		HideSolutionNode = FALSE
	EndGlobalSection
	GlobalSection(ExtensibilityGlobals) = postSolution
		SolutionGuid = {5178B8B9-25B3-4AC1-83A8-171C9E366227}
	EndGlobalSection
EndGlobal
